
Microsoft Visual Studio Solution File, Format Version 12.00
# Visual Studio Version 17
VisualStudioVersion = 17.6.33723.286
MinimumVisualStudioVersion = 10.0.40219.1
Project("{FAE04EC0-301F-11D3-BF4B-00C04F79EFBC}") = "ConsoleApp1", "ConsoleApp1.csproj", "{BBE6CE9F-A111-4725-846E-08DB4A5A165E}"
EndProject
Global
	GlobalSection(SolutionConfigurationPlatforms) = preSolution
		Debug|Any CPU = Debug|Any CPU
		Release|Any CPU = Release|Any CPU
	EndGlobalSection
	GlobalSection(ProjectConfigurationPlatforms) = postSolution
		{BBE6CE9F-A111-4725-846E-08DB4A5A165E}.Debug|Any CPU.ActiveCfg = Debug|Any CPU
		{BBE6CE9F-A111-4725-846E-08DB4A5A165E}.Debug|Any CPU.Build.0 = Debug|Any CPU
		{BBE6CE9F-A111-4725-846E-08DB4A5A165E}.Release|Any CPU.ActiveCfg = Release|Any CPU
		{BBE6CE9F-A111-4725-846E-08DB4A5A165E}.Release|Any CPU.Build.0 = Release|Any CPU
	EndGlobalSection
	GlobalSection(SolutionProperties) = preSolution
		HideSolutionNode = FALSE
	EndGlobalSection
	GlobalSection(ExtensibilityGlobals) = postSolution
		SolutionGuid = {67E96366-F11E-4323-AEF0-2ABC55E35676}
	EndGlobalSection
EndGlobal
